
Microsoft Visual Studio Solution File, Format Version 12.00
# Visual Studio Version 17
VisualStudioVersion = 17.11.35327.3
MinimumVisualStudioVersion = 10.0.40219.1
Project("{8BC9CEB8-8B4A-11D0-8D11-00A0C91BC942}") = "DXDiablo", "DXDiablo\DXDiablo.vcxproj", "{0D26BDDD-9258-46B7-8007-A8508223FB5B}"
	ProjectSection(ProjectDependencies) = postProject
		{0962975C-C6E9-415D-BC08-F3B3448FCE02} = {0962975C-C6E9-415D-BC08-F3B3448FCE02}
		{327CE344-1989-467D-8480-9859CE5DCEAB} = {327CE344-1989-467D-8480-9859CE5DCEAB}
		{33ECAD8D-FFA1-4FB4-BF49-5F63A62BF171} = {33ECAD8D-FFA1-4FB4-BF49-5F63A62BF171}
		{E1E86AC8-DEB9-43F3-9181-A3E764D96295} = {E1E86AC8-DEB9-43F3-9181-A3E764D96295}
	EndProjectSection
EndProject
Project("{2150E333-8FDC-42A3-9474-1A3956D46DE8}") = "Level0", "Level0", "{88778168-EB55-4BF0-B09B-CB0BDB295460}"
EndProject
Project("{2150E333-8FDC-42A3-9474-1A3956D46DE8}") = "Level1", "Level1", "{07EE0D8C-5AF0-407E-87B1-64AA489E400E}"
EndProject
Project("{2150E333-8FDC-42A3-9474-1A3956D46DE8}") = "Level2", "Level2", "{6E55B1FD-E347-4AA5-8575-1114D702BD4C}"
EndProject
Project("{8BC9CEB8-8B4A-11D0-8D11-00A0C91BC942}") = "EnginePlatform", "EnginePlatform\EnginePlatform.vcxproj", "{33ECAD8D-FFA1-4FB4-BF49-5F63A62BF171}"
	ProjectSection(ProjectDependencies) = postProject
		{327CE344-1989-467D-8480-9859CE5DCEAB} = {327CE344-1989-467D-8480-9859CE5DCEAB}
	EndProjectSection
EndProject
Project("{8BC9CEB8-8B4A-11D0-8D11-00A0C91BC942}") = "EngineCore", "EngineCore\EngineCore.vcxproj", "{E1E86AC8-DEB9-43F3-9181-A3E764D96295}"
	ProjectSection(ProjectDependencies) = postProject
		{327CE344-1989-467D-8480-9859CE5DCEAB} = {327CE344-1989-467D-8480-9859CE5DCEAB}
		{33ECAD8D-FFA1-4FB4-BF49-5F63A62BF171} = {33ECAD8D-FFA1-4FB4-BF49-5F63A62BF171}
	EndProjectSection
EndProject
Project("{2150E333-8FDC-42A3-9474-1A3956D46DE8}") = "Level3", "Level3", "{6A8D93AC-69C5-4822-9079-573C63DCF4BA}"
EndProject
Project("{8BC9CEB8-8B4A-11D0-8D11-00A0C91BC942}") = "EngineContents", "EngineContents\EngineContents.vcxproj", "{0962975C-C6E9-415D-BC08-F3B3448FCE02}"
	ProjectSection(ProjectDependencies) = postProject
		{327CE344-1989-467D-8480-9859CE5DCEAB} = {327CE344-1989-467D-8480-9859CE5DCEAB}
		{33ECAD8D-FFA1-4FB4-BF49-5F63A62BF171} = {33ECAD8D-FFA1-4FB4-BF49-5F63A62BF171}
		{E1E86AC8-DEB9-43F3-9181-A3E764D96295} = {E1E86AC8-DEB9-43F3-9181-A3E764D96295}
	EndProjectSection
EndProject
Project("{2150E333-8FDC-42A3-9474-1A3956D46DE8}") = "Level4", "Level4", "{68106F48-1E1A-43F2-A101-16DE62D2EF1C}"
EndProject
Project("{8BC9CEB8-8B4A-11D0-8D11-00A0C91BC942}") = "EngineBase", "EngineBase\EngineBase.vcxproj", "{327CE344-1989-467D-8480-9859CE5DCEAB}"
EndProject
Global
	GlobalSection(SolutionConfigurationPlatforms) = preSolution
		Debug|x64 = Debug|x64
		Debug|x86 = Debug|x86
		Release|x64 = Release|x64
		Release|x86 = Release|x86
	EndGlobalSection
	GlobalSection(ProjectConfigurationPlatforms) = postSolution
		{0D26BDDD-9258-46B7-8007-A8508223FB5B}.Debug|x64.ActiveCfg = Debug|x64
		{0D26BDDD-9258-46B7-8007-A8508223FB5B}.Debug|x64.Build.0 = Debug|x64
		{0D26BDDD-9258-46B7-8007-A8508223FB5B}.Debug|x86.ActiveCfg = Debug|Win32
		{0D26BDDD-9258-46B7-8007-A8508223FB5B}.Debug|x86.Build.0 = Debug|Win32
		{0D26BDDD-9258-46B7-8007-A8508223FB5B}.Release|x64.ActiveCfg = Release|x64
		{0D26BDDD-9258-46B7-8007-A8508223FB5B}.Release|x64.Build.0 = Release|x64
		{0D26BDDD-9258-46B7-8007-A8508223FB5B}.Release|x86.ActiveCfg = Release|Win32
		{0D26BDDD-9258-46B7-8007-A8508223FB5B}.Release|x86.Build.0 = Release|Win32
		{33ECAD8D-FFA1-4FB4-BF49-5F63A62BF171}.Debug|x64.ActiveCfg = Debug|x64
		{33ECAD8D-FFA1-4FB4-BF49-5F63A62BF171}.Debug|x64.Build.0 = Debug|x64
		{33ECAD8D-FFA1-4FB4-BF49-5F63A62BF171}.Debug|x86.ActiveCfg = Debug|Win32
		{33ECAD8D-FFA1-4FB4-BF49-5F63A62BF171}.Debug|x86.Build.0 = Debug|Win32
		{33ECAD8D-FFA1-4FB4-BF49-5F63A62BF171}.Release|x64.ActiveCfg = Release|x64
		{33ECAD8D-FFA1-4FB4-BF49-5F63A62BF171}.Release|x64.Build.0 = Release|x64
		{33ECAD8D-FFA1-4FB4-BF49-5F63A62BF171}.Release|x86.ActiveCfg = Release|Win32
		{33ECAD8D-FFA1-4FB4-BF49-5F63A62BF171}.Release|x86.Build.0 = Release|Win32
		{E1E86AC8-DEB9-43F3-9181-A3E764D96295}.Debug|x64.ActiveCfg = Debug|x64
		{E1E86AC8-DEB9-43F3-9181-A3E764D96295}.Debug|x64.Build.0 = Debug|x64
		{E1E86AC8-DEB9-43F3-9181-A3E764D96295}.Debug|x86.ActiveCfg = Debug|Win32
		{E1E86AC8-DEB9-43F3-9181-A3E764D96295}.Debug|x86.Build.0 = Debug|Win32
		{E1E86AC8-DEB9-43F3-9181-A3E764D96295}.Release|x64.ActiveCfg = Release|x64
		{E1E86AC8-DEB9-43F3-9181-A3E764D96295}.Release|x64.Build.0 = Release|x64
		{E1E86AC8-DEB9-43F3-9181-A3E764D96295}.Release|x86.ActiveCfg = Release|Win32
		{E1E86AC8-DEB9-43F3-9181-A3E764D96295}.Release|x86.Build.0 = Release|Win32
		{0962975C-C6E9-415D-BC08-F3B3448FCE02}.Debug|x64.ActiveCfg = Debug|x64
		{0962975C-C6E9-415D-BC08-F3B3448FCE02}.Debug|x64.Build.0 = Debug|x64
		{0962975C-C6E9-415D-BC08-F3B3448FCE02}.Debug|x86.ActiveCfg = Debug|Win32
		{0962975C-C6E9-415D-BC08-F3B3448FCE02}.Debug|x86.Build.0 = Debug|Win32
		{0962975C-C6E9-415D-BC08-F3B3448FCE02}.Release|x64.ActiveCfg = Release|x64
		{0962975C-C6E9-415D-BC08-F3B3448FCE02}.Release|x64.Build.0 = Release|x64
		{0962975C-C6E9-415D-BC08-F3B3448FCE02}.Release|x86.ActiveCfg = Release|Win32
		{0962975C-C6E9-415D-BC08-F3B3448FCE02}.Release|x86.Build.0 = Release|Win32
		{327CE344-1989-467D-8480-9859CE5DCEAB}.Debug|x64.ActiveCfg = Debug|x64
		{327CE344-1989-467D-8480-9859CE5DCEAB}.Debug|x64.Build.0 = Debug|x64
		{327CE344-1989-467D-8480-9859CE5DCEAB}.Debug|x86.ActiveCfg = Debug|Win32
		{327CE344-1989-467D-8480-9859CE5DCEAB}.Debug|x86.Build.0 = Debug|Win32
		{327CE344-1989-467D-8480-9859CE5DCEAB}.Release|x64.ActiveCfg = Release|x64
		{327CE344-1989-467D-8480-9859CE5DCEAB}.Release|x64.Build.0 = Release|x64
		{327CE344-1989-467D-8480-9859CE5DCEAB}.Release|x86.ActiveCfg = Release|Win32
		{327CE344-1989-467D-8480-9859CE5DCEAB}.Release|x86.Build.0 = Release|Win32
	EndGlobalSection
	GlobalSection(SolutionProperties) = preSolution
		HideSolutionNode = FALSE
	EndGlobalSection
	GlobalSection(NestedProjects) = preSolution
		{0D26BDDD-9258-46B7-8007-A8508223FB5B} = {68106F48-1E1A-43F2-A101-16DE62D2EF1C}
		{33ECAD8D-FFA1-4FB4-BF49-5F63A62BF171} = {07EE0D8C-5AF0-407E-87B1-64AA489E400E}
		{E1E86AC8-DEB9-43F3-9181-A3E764D96295} = {6E55B1FD-E347-4AA5-8575-1114D702BD4C}
		{0962975C-C6E9-415D-BC08-F3B3448FCE02} = {6A8D93AC-69C5-4822-9079-573C63DCF4BA}
		{327CE344-1989-467D-8480-9859CE5DCEAB} = {88778168-EB55-4BF0-B09B-CB0BDB295460}
	EndGlobalSection
	GlobalSection(ExtensibilityGlobals) = postSolution
		SolutionGuid = {73A593CA-D8C8-4FA0-9F8A-81A22250827D}
	EndGlobalSection
EndGlobal
