<?xml version="1.0" encoding="utf-8"?>
<Project ToolsVersion="4.0" xmlns="http://schemas.microsoft.com/developer/msbuild/2003">
  <ItemGroup>
    <ClInclude Include="EngineCore.h" />
    <ClInclude Include="PreCompile.h" />
    <ClInclude Include="IContentsCore.h">
      <Filter>Interface</Filter>
    </ClInclude>
    <ClInclude Include="Level.h">
      <Filter>Object</Filter>
    </ClInclude>
    <ClInclude Include="Actor.h">
      <Filter>Object</Filter>
    </ClInclude>
    <ClInclude Include="ActorComponent.h">
      <Filter>Object\Component</Filter>
    </ClInclude>
    <ClInclude Include="SceneComponent.h">
      <Filter>Object\Component</Filter>
    </ClInclude>
    <ClInclude Include="GameMode.h">
      <Filter>Object\Actor</Filter>
    </ClInclude>
    <ClInclude Include="Pawn.h">
      <Filter>Object\Actor</Filter>
    </ClInclude>
    <ClInclude Include="EngineGraphicDevice.h">
      <Filter>Graphic</Filter>
    </ClInclude>
    <ClInclude Include="CameraActor.h">
      <Filter>Object\Render</Filter>
    </ClInclude>
    <ClInclude Include="EngineCamera.h">
      <Filter>Object\Render</Filter>
    </ClInclude>
    <ClInclude Include="ThirdParty\DirectxTex\Inc\DirectXTex.h">
      <Filter>ThirdParty\Inc</Filter>
    </ClInclude>
    <ClInclude Include="EngineResources.h">
      <Filter>Resources</Filter>
    </ClInclude>
    <ClInclude Include="EngineTexture.h">
      <Filter>Resources</Filter>
    </ClInclude>
    <ClInclude Include="Renderer.h">
      <Filter>Object\Component\Render</Filter>
    </ClInclude>
    <ClInclude Include="SpriteRenderer.h">
      <Filter>Object\Component\Contents</Filter>
    </ClInclude>
    <ClInclude Include="EngineSprite.h">
      <Filter>Resources</Filter>
    </ClInclude>
  </ItemGroup>
  <ItemGroup>
    <ClCompile Include="EngineCore.cpp" />
    <ClCompile Include="PreCompile.cpp" />
    <ClCompile Include="Level.cpp">
      <Filter>Object</Filter>
    </ClCompile>
    <ClCompile Include="Actor.cpp">
      <Filter>Object</Filter>
    </ClCompile>
    <ClCompile Include="ActorComponent.cpp">
      <Filter>Object\Component</Filter>
    </ClCompile>
    <ClCompile Include="SceneComponent.cpp">
      <Filter>Object\Component</Filter>
    </ClCompile>
    <ClCompile Include="GameMode.cpp">
      <Filter>Object\Actor</Filter>
    </ClCompile>
    <ClCompile Include="Pawn.cpp">
      <Filter>Object\Actor</Filter>
    </ClCompile>
    <ClCompile Include="EngineGraphicDevice.cpp">
      <Filter>Graphic</Filter>
    </ClCompile>
    <ClCompile Include="CameraActor.cpp">
      <Filter>Object\Render</Filter>
    </ClCompile>
    <ClCompile Include="EngineCamera.cpp">
      <Filter>Object\Render</Filter>
    </ClCompile>
    <ClCompile Include="EngineResources.cpp">
      <Filter>Resources</Filter>
    </ClCompile>
    <ClCompile Include="EngineTexture.cpp">
      <Filter>Resources</Filter>
    </ClCompile>
    <ClCompile Include="Renderer.cpp">
      <Filter>Object\Component\Render</Filter>
    </ClCompile>
    <ClCompile Include="SpriteRenderer.cpp">
      <Filter>Object\Component\Contents</Filter>
    </ClCompile>
    <ClCompile Include="EngineSprite.cpp">
      <Filter>Resources</Filter>
    </ClCompile>
  </ItemGroup>
  <ItemGroup>
    <Filter Include="Interface">
      <UniqueIdentifier>{dbbc7d85-8a99-4d04-941c-12190193cbcb}</UniqueIdentifier>
    </Filter>
    <Filter Include="Core">
      <UniqueIdentifier>{7804f68d-5a6b-41af-b1db-5c8cc65d0713}</UniqueIdentifier>
    </Filter>
    <Filter Include="Object">
      <UniqueIdentifier>{2f9cec39-ffc5-42e7-951f-4e4aa54ba953}</UniqueIdentifier>
    </Filter>
    <Filter Include="Object\Component">
      <UniqueIdentifier>{f035e895-31ab-4451-8f6a-d30bbf373292}</UniqueIdentifier>
    </Filter>
    <Filter Include="Object\Actor">
      <UniqueIdentifier>{c0338f66-8d0f-4f97-9480-66043fb96908}</UniqueIdentifier>
    </Filter>
    <Filter Include="Object\Component\Contents">
      <UniqueIdentifier>{65dbe95c-188f-4801-adb5-9c2a102a448b}</UniqueIdentifier>
    </Filter>
    <Filter Include="Graphic">
      <UniqueIdentifier>{207d7587-3311-47de-8c44-73aa8dbc7a92}</UniqueIdentifier>
    </Filter>
    <Filter Include="Object\Render">
      <UniqueIdentifier>{c2f9695d-a997-43ae-8c7e-e27cfc430bad}</UniqueIdentifier>
    </Filter>
    <Filter Include="ThirdParty">
      <UniqueIdentifier>{e2b425d7-9920-4f53-bec1-8b8e43e5230b}</UniqueIdentifier>
    </Filter>
    <Filter Include="ThirdParty\Debug">
      <UniqueIdentifier>{d7ad94b2-2df8-468f-ac17-fbbc860b7450}</UniqueIdentifier>
    </Filter>
    <Filter Include="ThirdParty\Inc">
      <UniqueIdentifier>{aff1438a-27f6-4cf8-9de6-a73495eb9a31}</UniqueIdentifier>
    </Filter>
    <Filter Include="ThirdParty\Release">
      <UniqueIdentifier>{42b58209-9449-432c-875d-039114be1726}</UniqueIdentifier>
    </Filter>
    <Filter Include="Resources">
      <UniqueIdentifier>{7469f802-52a0-4c0c-8ad3-eb0770191785}</UniqueIdentifier>
    </Filter>
    <Filter Include="Object\Component\Render">
      <UniqueIdentifier>{eb196213-65d6-48c4-9995-e3cef6741e12}</UniqueIdentifier>
    </Filter>
  </ItemGroup>
  <ItemGroup>
    <None Include="ThirdParty\DirectxTex\Inc\DirectXTex.inl">
      <Filter>ThirdParty\Inc</Filter>
    </None>
  </ItemGroup>
  <ItemGroup>
    <Library Include="ThirdParty\DirectxTex\Release\DirectXTex_Release.lib">
      <Filter>ThirdParty\Release</Filter>
    </Library>
    <Library Include="ThirdParty\DirectxTex\Debug\DirectXTex_Debug.lib">
      <Filter>ThirdParty\Debug</Filter>
    </Library>
  </ItemGroup>
</Project>