<?xml version="1.0" encoding="utf-8"?>
<Project ToolsVersion="4.0" xmlns="http://schemas.microsoft.com/developer/msbuild/2003">
  <ItemGroup>
    <ClInclude Include="Player.h" />
    <ClInclude Include="PreCompile.h" />
    <ClInclude Include="ContentsCore.h" />
    <ClInclude Include="TitleGameMode.h">
      <Filter>GameMode</Filter>
    </ClInclude>
    <ClInclude Include="TitleLogo.h">
      <Filter>Title</Filter>
    </ClInclude>
    <ClInclude Include="Monster.h">
      <Filter>Monster</Filter>
    </ClInclude>
    <ClInclude Include="Skeleton_Bow.h">
      <Filter>Monster\MonsterType</Filter>
    </ClInclude>
    <ClInclude Include="Scavenger.h">
      <Filter>Monster\MonsterType</Filter>
    </ClInclude>
    <ClInclude Include="Zombie.h">
      <Filter>Monster\MonsterType</Filter>
    </ClInclude>
    <ClInclude Include="MyCustomRenderer.h">
      <Filter>Render</Filter>
    </ClInclude>
    <ClInclude Include="Hidden.h">
      <Filter>Monster\MonsterType</Filter>
    </ClInclude>
    <ClInclude Include="Fallen_Spear.h">
      <Filter>Monster\MonsterType</Filter>
    </ClInclude>
    <ClInclude Include="TileMapEditor.h">
      <Filter>GameMode</Filter>
    </ClInclude>
    <ClInclude Include="ContentsEditorGUI.h">
      <Filter>GUI</Filter>
    </ClInclude>
    <ClInclude Include="Skeleton_Axe.h">
      <Filter>Monster\MonsterType</Filter>
    </ClInclude>
    <ClInclude Include="Skeleton_Sword.h">
      <Filter>Monster\MonsterType</Filter>
    </ClInclude>
    <ClInclude Include="Skeleton_King.h">
      <Filter>Monster\Boss</Filter>
    </ClInclude>
    <ClInclude Include="Butcher.h">
      <Filter>Monster\Boss</Filter>
    </ClInclude>
    <ClInclude Include="Fallen_Sword.h">
      <Filter>Monster\MonsterType</Filter>
    </ClInclude>
    <ClInclude Include="RandomTileMap.h">
      <Filter>GameMode</Filter>
    </ClInclude>
    <ClInclude Include="TitleHUD.h">
      <Filter>HUD</Filter>
    </ClInclude>
    <ClInclude Include="DiabloConst.h" />
    <ClInclude Include="DiabloStruct.h" />
    <ClInclude Include="MyGameInstance.h">
      <Filter>Global</Filter>
    </ClInclude>
  </ItemGroup>
  <ItemGroup>
    <ClCompile Include="Player.cpp" />
    <ClCompile Include="PreCompile.cpp" />
    <ClCompile Include="TitleGameMode.cpp">
      <Filter>GameMode</Filter>
    </ClCompile>
    <ClCompile Include="TitleLogo.cpp">
      <Filter>Title</Filter>
    </ClCompile>
    <ClCompile Include="ContentsCore.cpp" />
    <ClCompile Include="Monster.cpp">
      <Filter>Monster</Filter>
    </ClCompile>
    <ClCompile Include="Skeleton_Bow.cpp">
      <Filter>Monster\MonsterType</Filter>
    </ClCompile>
    <ClCompile Include="Scavenger.cpp">
      <Filter>Monster\MonsterType</Filter>
    </ClCompile>
    <ClCompile Include="Zombie.cpp">
      <Filter>Monster\MonsterType</Filter>
    </ClCompile>
    <ClCompile Include="ContentsCore_Resources.cpp" />
    <ClCompile Include="MyCustomRenderer.cpp">
      <Filter>Render</Filter>
    </ClCompile>
    <ClCompile Include="Hidden.cpp">
      <Filter>Monster\MonsterType</Filter>
    </ClCompile>
    <ClCompile Include="Fallen_Spear.cpp">
      <Filter>Monster\MonsterType</Filter>
    </ClCompile>
    <ClCompile Include="TileMapEditor.cpp">
      <Filter>GameMode</Filter>
    </ClCompile>
    <ClCompile Include="ContentsEditorGUI.cpp">
      <Filter>GUI</Filter>
    </ClCompile>
    <ClCompile Include="Skeleton_Axe.cpp">
      <Filter>Monster\MonsterType</Filter>
    </ClCompile>
    <ClCompile Include="Skeleton_Sword.cpp">
      <Filter>Monster\MonsterType</Filter>
    </ClCompile>
    <ClCompile Include="Skeleton_King.cpp">
      <Filter>Monster\Boss</Filter>
    </ClCompile>
    <ClCompile Include="Butcher.cpp">
      <Filter>Monster\Boss</Filter>
    </ClCompile>
    <ClCompile Include="Fallen_Sword.cpp">
      <Filter>Monster\MonsterType</Filter>
    </ClCompile>
    <ClCompile Include="RandomTileMap.cpp">
      <Filter>GameMode</Filter>
    </ClCompile>
    <ClCompile Include="TitleHUD.cpp">
      <Filter>HUD</Filter>
    </ClCompile>
    <ClCompile Include="DiabloStruct.cpp" />
    <ClCompile Include="MyGameInstance.cpp">
      <Filter>Global</Filter>
    </ClCompile>
  </ItemGroup>
  <ItemGroup>
    <Filter Include="GameMode">
      <UniqueIdentifier>{b30b3464-9fea-42bc-a269-6d65ecf4f6c0}</UniqueIdentifier>
    </Filter>
    <Filter Include="Title">
      <UniqueIdentifier>{b8c8ade7-800f-4020-890f-43e613f26276}</UniqueIdentifier>
    </Filter>
    <Filter Include="Monster">
      <UniqueIdentifier>{e2199c85-d5a8-4e91-9141-2bd2cc5cbb3d}</UniqueIdentifier>
    </Filter>
    <Filter Include="Monster\MonsterType">
      <UniqueIdentifier>{bbf7327e-4189-4306-a15b-9d87d8b331ee}</UniqueIdentifier>
    </Filter>
    <Filter Include="Render">
      <UniqueIdentifier>{3a1ff5db-4b8a-4854-b7d1-8f0e015cfadf}</UniqueIdentifier>
    </Filter>
    <Filter Include="GUI">
      <UniqueIdentifier>{be62a4d6-4d73-46c8-a092-6f6d3cf39210}</UniqueIdentifier>
    </Filter>
    <Filter Include="Monster\Boss">
      <UniqueIdentifier>{51ce7b0f-3824-470b-b625-c1cf110c71a4}</UniqueIdentifier>
    </Filter>
    <Filter Include="HUD">
      <UniqueIdentifier>{b37abe48-7ef6-42e5-b07e-cb66e3d9e01d}</UniqueIdentifier>
    </Filter>
    <Filter Include="Global">
      <UniqueIdentifier>{cd0304a1-a7cd-4681-8626-5934c88f9e47}</UniqueIdentifier>
    </Filter>
  </ItemGroup>
</Project>